
Microsoft Visual Studio Solution File, Format Version 11.00
# Visual Studio 2010
Project("{FAE04EC0-301F-11D3-BF4B-00C04F79EFBC}") = "KinectDisplay", "KinectDisplay\KinectDisplay.csproj", "{1ABBC949-1376-4036-8285-EF66A6968EB2}"
EndProject
Project("{FAE04EC0-301F-11D3-BF4B-00C04F79EFBC}") = "KinectAPI", "KinectAPI\KinectAPI.csproj", "{329CCBA1-6D35-46A8-A8D5-5AAE3AF4157D}"
EndProject
Project("{FAE04EC0-301F-11D3-BF4B-00C04F79EFBC}") = "KineticControl", "KineticControl\KineticControl.csproj", "{E37E554B-4741-4827-8162-733DE3AE02C6}"
EndProject
Project("{FAE04EC0-301F-11D3-BF4B-00C04F79EFBC}") = "KinectTest", "KinectTest\KinectTest.csproj", "{8C60A3E7-42DA-4A0E-B451-DDA21616EB4F}"
EndProject
Project("{2150E333-8FDC-42A3-9474-1A3956D46DE8}") = "Solution Items", "Solution Items", "{DC08AAC1-E0CE-46BB-BB12-971605BA3295}"
EndProject
Project("{FAE04EC0-301F-11D3-BF4B-00C04F79EFBC}") = "Run", "Run\Run.csproj", "{7D95F03A-AC09-4CB8-95C6-C71136BB991D}"
EndProject
Project("{FAE04EC0-301F-11D3-BF4B-00C04F79EFBC}") = "CalibrateVideo", "CalibrateVideo\CalibrateVideo.csproj", "{849E0106-2C21-4AC5-B3C6-CF75AADE1DA2}"
	ProjectSection(ProjectDependencies) = postProject
		{329CCBA1-6D35-46A8-A8D5-5AAE3AF4157D} = {329CCBA1-6D35-46A8-A8D5-5AAE3AF4157D}
	EndProjectSection
EndProject
Project("{FAE04EC0-301F-11D3-BF4B-00C04F79EFBC}") = "KineticCalibration", "KineticCalibration\KineticCalibration.csproj", "{188C1357-2C7E-4A53-870C-B66A8CF3988F}"
EndProject
Global
	GlobalSection(SolutionConfigurationPlatforms) = preSolution
		Debug|Any CPU = Debug|Any CPU
		Debug|Mixed Platforms = Debug|Mixed Platforms
		Debug|x86 = Debug|x86
		Release|Any CPU = Release|Any CPU
		Release|Mixed Platforms = Release|Mixed Platforms
		Release|x86 = Release|x86
	EndGlobalSection
	GlobalSection(ProjectConfigurationPlatforms) = postSolution
		{1ABBC949-1376-4036-8285-EF66A6968EB2}.Debug|Any CPU.ActiveCfg = Debug|x86
		{1ABBC949-1376-4036-8285-EF66A6968EB2}.Debug|Mixed Platforms.ActiveCfg = Debug|x86
		{1ABBC949-1376-4036-8285-EF66A6968EB2}.Debug|Mixed Platforms.Build.0 = Debug|x86
		{1ABBC949-1376-4036-8285-EF66A6968EB2}.Debug|x86.ActiveCfg = Debug|x86
		{1ABBC949-1376-4036-8285-EF66A6968EB2}.Debug|x86.Build.0 = Debug|x86
		{1ABBC949-1376-4036-8285-EF66A6968EB2}.Release|Any CPU.ActiveCfg = Release|x86
		{1ABBC949-1376-4036-8285-EF66A6968EB2}.Release|Mixed Platforms.ActiveCfg = Release|x86
		{1ABBC949-1376-4036-8285-EF66A6968EB2}.Release|Mixed Platforms.Build.0 = Release|x86
		{1ABBC949-1376-4036-8285-EF66A6968EB2}.Release|x86.ActiveCfg = Release|x86
		{1ABBC949-1376-4036-8285-EF66A6968EB2}.Release|x86.Build.0 = Release|x86
		{329CCBA1-6D35-46A8-A8D5-5AAE3AF4157D}.Debug|Any CPU.ActiveCfg = Debug|Any CPU
		{329CCBA1-6D35-46A8-A8D5-5AAE3AF4157D}.Debug|Any CPU.Build.0 = Debug|Any CPU
		{329CCBA1-6D35-46A8-A8D5-5AAE3AF4157D}.Debug|Mixed Platforms.ActiveCfg = Debug|Any CPU
		{329CCBA1-6D35-46A8-A8D5-5AAE3AF4157D}.Debug|Mixed Platforms.Build.0 = Debug|Any CPU
		{329CCBA1-6D35-46A8-A8D5-5AAE3AF4157D}.Debug|x86.ActiveCfg = Debug|Any CPU
		{329CCBA1-6D35-46A8-A8D5-5AAE3AF4157D}.Debug|x86.Build.0 = Debug|Any CPU
		{329CCBA1-6D35-46A8-A8D5-5AAE3AF4157D}.Release|Any CPU.ActiveCfg = Release|Any CPU
		{329CCBA1-6D35-46A8-A8D5-5AAE3AF4157D}.Release|Any CPU.Build.0 = Release|Any CPU
		{329CCBA1-6D35-46A8-A8D5-5AAE3AF4157D}.Release|Mixed Platforms.ActiveCfg = Release|Any CPU
		{329CCBA1-6D35-46A8-A8D5-5AAE3AF4157D}.Release|Mixed Platforms.Build.0 = Release|Any CPU
		{329CCBA1-6D35-46A8-A8D5-5AAE3AF4157D}.Release|x86.ActiveCfg = Release|Any CPU
		{329CCBA1-6D35-46A8-A8D5-5AAE3AF4157D}.Release|x86.Build.0 = Release|Any CPU
		{E37E554B-4741-4827-8162-733DE3AE02C6}.Debug|Any CPU.ActiveCfg = Debug|Any CPU
		{E37E554B-4741-4827-8162-733DE3AE02C6}.Debug|Any CPU.Build.0 = Debug|Any CPU
		{E37E554B-4741-4827-8162-733DE3AE02C6}.Debug|Mixed Platforms.ActiveCfg = Debug|Any CPU
		{E37E554B-4741-4827-8162-733DE3AE02C6}.Debug|Mixed Platforms.Build.0 = Debug|Any CPU
		{E37E554B-4741-4827-8162-733DE3AE02C6}.Debug|x86.ActiveCfg = Debug|Any CPU
		{E37E554B-4741-4827-8162-733DE3AE02C6}.Debug|x86.Build.0 = Debug|Any CPU
		{E37E554B-4741-4827-8162-733DE3AE02C6}.Release|Any CPU.ActiveCfg = Release|Any CPU
		{E37E554B-4741-4827-8162-733DE3AE02C6}.Release|Any CPU.Build.0 = Release|Any CPU
		{E37E554B-4741-4827-8162-733DE3AE02C6}.Release|Mixed Platforms.ActiveCfg = Release|Any CPU
		{E37E554B-4741-4827-8162-733DE3AE02C6}.Release|Mixed Platforms.Build.0 = Release|Any CPU
		{E37E554B-4741-4827-8162-733DE3AE02C6}.Release|x86.ActiveCfg = Release|Any CPU
		{E37E554B-4741-4827-8162-733DE3AE02C6}.Release|x86.Build.0 = Release|Any CPU
		{8C60A3E7-42DA-4A0E-B451-DDA21616EB4F}.Debug|Any CPU.ActiveCfg = Debug|x86
		{8C60A3E7-42DA-4A0E-B451-DDA21616EB4F}.Debug|Mixed Platforms.ActiveCfg = Debug|x86
		{8C60A3E7-42DA-4A0E-B451-DDA21616EB4F}.Debug|Mixed Platforms.Build.0 = Debug|x86
		{8C60A3E7-42DA-4A0E-B451-DDA21616EB4F}.Debug|x86.ActiveCfg = Debug|x86
		{8C60A3E7-42DA-4A0E-B451-DDA21616EB4F}.Debug|x86.Build.0 = Debug|x86
		{8C60A3E7-42DA-4A0E-B451-DDA21616EB4F}.Release|Any CPU.ActiveCfg = Release|x86
		{8C60A3E7-42DA-4A0E-B451-DDA21616EB4F}.Release|Mixed Platforms.ActiveCfg = Release|x86
		{8C60A3E7-42DA-4A0E-B451-DDA21616EB4F}.Release|Mixed Platforms.Build.0 = Release|x86
		{8C60A3E7-42DA-4A0E-B451-DDA21616EB4F}.Release|x86.ActiveCfg = Release|x86
		{8C60A3E7-42DA-4A0E-B451-DDA21616EB4F}.Release|x86.Build.0 = Release|x86
		{7D95F03A-AC09-4CB8-95C6-C71136BB991D}.Debug|Any CPU.ActiveCfg = Debug|x86
		{7D95F03A-AC09-4CB8-95C6-C71136BB991D}.Debug|Mixed Platforms.ActiveCfg = Debug|x86
		{7D95F03A-AC09-4CB8-95C6-C71136BB991D}.Debug|Mixed Platforms.Build.0 = Debug|x86
		{7D95F03A-AC09-4CB8-95C6-C71136BB991D}.Debug|x86.ActiveCfg = Debug|x86
		{7D95F03A-AC09-4CB8-95C6-C71136BB991D}.Debug|x86.Build.0 = Debug|x86
		{7D95F03A-AC09-4CB8-95C6-C71136BB991D}.Release|Any CPU.ActiveCfg = Release|x86
		{7D95F03A-AC09-4CB8-95C6-C71136BB991D}.Release|Mixed Platforms.ActiveCfg = Release|x86
		{7D95F03A-AC09-4CB8-95C6-C71136BB991D}.Release|Mixed Platforms.Build.0 = Release|x86
		{7D95F03A-AC09-4CB8-95C6-C71136BB991D}.Release|x86.ActiveCfg = Release|x86
		{7D95F03A-AC09-4CB8-95C6-C71136BB991D}.Release|x86.Build.0 = Release|x86
		{849E0106-2C21-4AC5-B3C6-CF75AADE1DA2}.Debug|Any CPU.ActiveCfg = Debug|x86
		{849E0106-2C21-4AC5-B3C6-CF75AADE1DA2}.Debug|Mixed Platforms.ActiveCfg = Debug|x86
		{849E0106-2C21-4AC5-B3C6-CF75AADE1DA2}.Debug|Mixed Platforms.Build.0 = Debug|x86
		{849E0106-2C21-4AC5-B3C6-CF75AADE1DA2}.Debug|x86.ActiveCfg = Debug|x86
		{849E0106-2C21-4AC5-B3C6-CF75AADE1DA2}.Debug|x86.Build.0 = Debug|x86
		{849E0106-2C21-4AC5-B3C6-CF75AADE1DA2}.Release|Any CPU.ActiveCfg = Release|x86
		{849E0106-2C21-4AC5-B3C6-CF75AADE1DA2}.Release|Mixed Platforms.ActiveCfg = Release|x86
		{849E0106-2C21-4AC5-B3C6-CF75AADE1DA2}.Release|Mixed Platforms.Build.0 = Release|x86
		{849E0106-2C21-4AC5-B3C6-CF75AADE1DA2}.Release|x86.ActiveCfg = Release|x86
		{849E0106-2C21-4AC5-B3C6-CF75AADE1DA2}.Release|x86.Build.0 = Release|x86
		{188C1357-2C7E-4A53-870C-B66A8CF3988F}.Debug|Any CPU.ActiveCfg = Debug|x86
		{188C1357-2C7E-4A53-870C-B66A8CF3988F}.Debug|Mixed Platforms.ActiveCfg = Debug|x86
		{188C1357-2C7E-4A53-870C-B66A8CF3988F}.Debug|Mixed Platforms.Build.0 = Debug|x86
		{188C1357-2C7E-4A53-870C-B66A8CF3988F}.Debug|x86.ActiveCfg = Debug|x86
		{188C1357-2C7E-4A53-870C-B66A8CF3988F}.Debug|x86.Build.0 = Debug|x86
		{188C1357-2C7E-4A53-870C-B66A8CF3988F}.Release|Any CPU.ActiveCfg = Release|x86
		{188C1357-2C7E-4A53-870C-B66A8CF3988F}.Release|Mixed Platforms.ActiveCfg = Release|x86
		{188C1357-2C7E-4A53-870C-B66A8CF3988F}.Release|Mixed Platforms.Build.0 = Release|x86
		{188C1357-2C7E-4A53-870C-B66A8CF3988F}.Release|x86.ActiveCfg = Release|x86
		{188C1357-2C7E-4A53-870C-B66A8CF3988F}.Release|x86.Build.0 = Release|x86
	EndGlobalSection
	GlobalSection(SolutionProperties) = preSolution
		HideSolutionNode = FALSE
	EndGlobalSection
EndGlobal
